<?xml version="1.0" encoding="utf-8"?>
<Project ToolsVersion="4.0" xmlns="http://schemas.microsoft.com/developer/msbuild/2003">
  <ItemGroup>
    <Filter Include="Header Files">
      <UniqueIdentifier>{93995380-89BD-4b04-88EB-625FBE52EBFB}</UniqueIdentifier>
      <Extensions>h;hh;hpp;hxx;h++;hm;inl;inc;ipp;xsd</Extensions>
    </Filter>
    <Filter Include="Header Files\Resource Files">
      <UniqueIdentifier>{67DA6AB6-F800-4c08-8B7A-83BB121AAD01}</UniqueIdentifier>
      <Extensions>rc;ico;cur;bmp;dlg;rc2;rct;bin;rgs;gif;jpg;jpeg;jpe;resx;tiff;tif;png;wav;mfcribbon-ms</Extensions>
    </Filter>
    <Filter Include="Header Files\Source Files">
      <UniqueIdentifier>{4FC737F1-C7A5-4376-A066-2A32D752A2FF}</UniqueIdentifier>
      <Extensions>cpp;c;cc;cxx;c++;cppm;ixx;def;odl;idl;hpj;bat;asm;asmx</Extensions>
    </Filter>
  </ItemGroup>
  <ItemGroup>
    <ClInclude Include="User\Cashier.h">
      <Filter>Header Files</Filter>
    </ClInclude>
    <ClInclude Include="User\Manager.h">
      <Filter>Header Files</Filter>
    </ClInclude>
    <ClInclude Include="User\User.h">
      <Filter>Header Files</Filter>
    </ClInclude>
    <ClInclude Include="MyString.h">
      <Filter>Header Files</Filter>
    </ClInclude>
    <ClInclude Include="Product\Category.h">
      <Filter>Header Files</Filter>
    </ClInclude>
    <ClInclude Include="Product\Product.h">
      <Filter>Header Files</Filter>
    </ClInclude>
    <ClInclude Include="Warning.h">
      <Filter>Header Files</Filter>
    </ClInclude>
    <ClInclude Include="Product\ProductByUnit.h">
      <Filter>Header Files</Filter>
    </ClInclude>
    <ClInclude Include="Product\ProductByWeight.h">
      <Filter>Header Files</Filter>
    </ClInclude>
    <ClInclude Include="SupermarketSystem.h">
      <Filter>Header Files</Filter>
    </ClInclude>
    <ClInclude Include="Giftcards\Giftcard.h">
      <Filter>Header Files</Filter>
    </ClInclude>
    <ClInclude Include="Giftcards\SingleCategoryGiftcard.h">
      <Filter>Header Files</Filter>
    </ClInclude>
    <ClInclude Include="Giftcards\MultipleCategoryGiftcard.h">
      <Filter>Header Files</Filter>
    </ClInclude>
    <ClInclude Include="Giftcards\AllProductsGiftcard.h">
      <Filter>Header Files</Filter>
    </ClInclude>
    <ClInclude Include="Feed.h">
      <Filter>Header Files</Filter>
    </ClInclude>
    <ClInclude Include="Transaction.h">
      <Filter>Header Files</Filter>
    </ClInclude>
  </ItemGroup>
  <ItemGroup>
    <ClCompile Include="MyString.cpp">
      <Filter>Header Files\Source Files</Filter>
    </ClCompile>
    <ClCompile Include="main.cpp">
      <Filter>Header Files\Source Files</Filter>
    </ClCompile>
    <ClCompile Include="User\Cashier.cpp">
      <Filter>Header Files\Source Files</Filter>
    </ClCompile>
    <ClCompile Include="User\User.cpp">
      <Filter>Header Files\Source Files</Filter>
    </ClCompile>
    <ClCompile Include="Warning.cpp">
      <Filter>Header Files\Source Files</Filter>
    </ClCompile>
    <ClCompile Include="User\Manager.cpp">
      <Filter>Header Files\Source Files</Filter>
    </ClCompile>
    <ClCompile Include="Product\Category.cpp">
      <Filter>Header Files\Source Files</Filter>
    </ClCompile>
    <ClCompile Include="Product\Product.cpp">
      <Filter>Header Files\Source Files</Filter>
    </ClCompile>
    <ClCompile Include="SupermarketSystem.cpp">
      <Filter>Header Files\Source Files</Filter>
    </ClCompile>
    <ClCompile Include="Transaction.cpp">
      <Filter>Header Files\Source Files</Filter>
    </ClCompile>
  </ItemGroup>
</Project>